
Microsoft Visual Studio Solution File, Format Version 12.00
# Visual Studio 15
VisualStudioVersion = 15.0.26124.0
MinimumVisualStudioVersion = 15.0.26124.0
Project("{2150E333-8FDC-42A3-9474-1A3956D46DE8}") = "src", "src", "{2A395FA6-D539-4E00-B179-82C0101EAD2D}"
EndProject
Project("{FAE04EC0-301F-11D3-BF4B-00C04F79EFBC}") = "core31-webapi", "src\core31-webapi\core31-webapi.csproj", "{61F538EC-853E-47F3-BFC5-42F3D984AFBA}"
EndProject
Project("{FAE04EC0-301F-11D3-BF4B-00C04F79EFBC}") = "core31-console", "src\core31-console\core31-console.csproj", "{234F89EB-D352-4D7C-962A-8371199E7459}"
EndProject
Project("{2150E333-8FDC-42A3-9474-1A3956D46DE8}") = "tests", "tests", "{F64EF592-AB79-4207-872A-AEEBE95E0E9C}"
EndProject
Project("{FAE04EC0-301F-11D3-BF4B-00C04F79EFBC}") = "core31-xunit", "tests\core31-xunit\core31-xunit.csproj", "{74C87932-9BA1-4A74-A410-9AF6B4F6A0AD}"
EndProject
Project("{FAE04EC0-301F-11D3-BF4B-00C04F79EFBC}") = "core31-winforms", "src\core31-winforms\core31-winforms.csproj", "{5A1A70D1-2319-43C0-A277-D34289034E40}"
EndProject
Global
	GlobalSection(SolutionConfigurationPlatforms) = preSolution
		Debug|Any CPU = Debug|Any CPU
		Debug|x64 = Debug|x64
		Debug|x86 = Debug|x86
		Release|Any CPU = Release|Any CPU
		Release|x64 = Release|x64
		Release|x86 = Release|x86
	EndGlobalSection
	GlobalSection(SolutionProperties) = preSolution
		HideSolutionNode = FALSE
	EndGlobalSection
	GlobalSection(ProjectConfigurationPlatforms) = postSolution
		{61F538EC-853E-47F3-BFC5-42F3D984AFBA}.Debug|Any CPU.ActiveCfg = Debug|Any CPU
		{61F538EC-853E-47F3-BFC5-42F3D984AFBA}.Debug|Any CPU.Build.0 = Debug|Any CPU
		{61F538EC-853E-47F3-BFC5-42F3D984AFBA}.Debug|x64.ActiveCfg = Debug|Any CPU
		{61F538EC-853E-47F3-BFC5-42F3D984AFBA}.Debug|x64.Build.0 = Debug|Any CPU
		{61F538EC-853E-47F3-BFC5-42F3D984AFBA}.Debug|x86.ActiveCfg = Debug|Any CPU
		{61F538EC-853E-47F3-BFC5-42F3D984AFBA}.Debug|x86.Build.0 = Debug|Any CPU
		{61F538EC-853E-47F3-BFC5-42F3D984AFBA}.Release|Any CPU.ActiveCfg = Release|Any CPU
		{61F538EC-853E-47F3-BFC5-42F3D984AFBA}.Release|Any CPU.Build.0 = Release|Any CPU
		{61F538EC-853E-47F3-BFC5-42F3D984AFBA}.Release|x64.ActiveCfg = Release|Any CPU
		{61F538EC-853E-47F3-BFC5-42F3D984AFBA}.Release|x64.Build.0 = Release|Any CPU
		{61F538EC-853E-47F3-BFC5-42F3D984AFBA}.Release|x86.ActiveCfg = Release|Any CPU
		{61F538EC-853E-47F3-BFC5-42F3D984AFBA}.Release|x86.Build.0 = Release|Any CPU
		{234F89EB-D352-4D7C-962A-8371199E7459}.Debug|Any CPU.ActiveCfg = Debug|Any CPU
		{234F89EB-D352-4D7C-962A-8371199E7459}.Debug|Any CPU.Build.0 = Debug|Any CPU
		{234F89EB-D352-4D7C-962A-8371199E7459}.Debug|x64.ActiveCfg = Debug|Any CPU
		{234F89EB-D352-4D7C-962A-8371199E7459}.Debug|x64.Build.0 = Debug|Any CPU
		{234F89EB-D352-4D7C-962A-8371199E7459}.Debug|x86.ActiveCfg = Debug|Any CPU
		{234F89EB-D352-4D7C-962A-8371199E7459}.Debug|x86.Build.0 = Debug|Any CPU
		{234F89EB-D352-4D7C-962A-8371199E7459}.Release|Any CPU.ActiveCfg = Release|Any CPU
		{234F89EB-D352-4D7C-962A-8371199E7459}.Release|Any CPU.Build.0 = Release|Any CPU
		{234F89EB-D352-4D7C-962A-8371199E7459}.Release|x64.ActiveCfg = Release|Any CPU
		{234F89EB-D352-4D7C-962A-8371199E7459}.Release|x64.Build.0 = Release|Any CPU
		{234F89EB-D352-4D7C-962A-8371199E7459}.Release|x86.ActiveCfg = Release|Any CPU
		{234F89EB-D352-4D7C-962A-8371199E7459}.Release|x86.Build.0 = Release|Any CPU
		{74C87932-9BA1-4A74-A410-9AF6B4F6A0AD}.Debug|Any CPU.ActiveCfg = Debug|Any CPU
		{74C87932-9BA1-4A74-A410-9AF6B4F6A0AD}.Debug|Any CPU.Build.0 = Debug|Any CPU
		{74C87932-9BA1-4A74-A410-9AF6B4F6A0AD}.Debug|x64.ActiveCfg = Debug|Any CPU
		{74C87932-9BA1-4A74-A410-9AF6B4F6A0AD}.Debug|x64.Build.0 = Debug|Any CPU
		{74C87932-9BA1-4A74-A410-9AF6B4F6A0AD}.Debug|x86.ActiveCfg = Debug|Any CPU
		{74C87932-9BA1-4A74-A410-9AF6B4F6A0AD}.Debug|x86.Build.0 = Debug|Any CPU
		{74C87932-9BA1-4A74-A410-9AF6B4F6A0AD}.Release|Any CPU.ActiveCfg = Release|Any CPU
		{74C87932-9BA1-4A74-A410-9AF6B4F6A0AD}.Release|Any CPU.Build.0 = Release|Any CPU
		{74C87932-9BA1-4A74-A410-9AF6B4F6A0AD}.Release|x64.ActiveCfg = Release|Any CPU
		{74C87932-9BA1-4A74-A410-9AF6B4F6A0AD}.Release|x64.Build.0 = Release|Any CPU
		{74C87932-9BA1-4A74-A410-9AF6B4F6A0AD}.Release|x86.ActiveCfg = Release|Any CPU
		{74C87932-9BA1-4A74-A410-9AF6B4F6A0AD}.Release|x86.Build.0 = Release|Any CPU
		{5A1A70D1-2319-43C0-A277-D34289034E40}.Debug|Any CPU.ActiveCfg = Debug|Any CPU
		{5A1A70D1-2319-43C0-A277-D34289034E40}.Debug|Any CPU.Build.0 = Debug|Any CPU
		{5A1A70D1-2319-43C0-A277-D34289034E40}.Debug|x64.ActiveCfg = Debug|Any CPU
		{5A1A70D1-2319-43C0-A277-D34289034E40}.Debug|x64.Build.0 = Debug|Any CPU
		{5A1A70D1-2319-43C0-A277-D34289034E40}.Debug|x86.ActiveCfg = Debug|Any CPU
		{5A1A70D1-2319-43C0-A277-D34289034E40}.Debug|x86.Build.0 = Debug|Any CPU
		{5A1A70D1-2319-43C0-A277-D34289034E40}.Release|Any CPU.ActiveCfg = Release|Any CPU
		{5A1A70D1-2319-43C0-A277-D34289034E40}.Release|Any CPU.Build.0 = Release|Any CPU
		{5A1A70D1-2319-43C0-A277-D34289034E40}.Release|x64.ActiveCfg = Release|Any CPU
		{5A1A70D1-2319-43C0-A277-D34289034E40}.Release|x64.Build.0 = Release|Any CPU
		{5A1A70D1-2319-43C0-A277-D34289034E40}.Release|x86.ActiveCfg = Release|Any CPU
		{5A1A70D1-2319-43C0-A277-D34289034E40}.Release|x86.Build.0 = Release|Any CPU
	EndGlobalSection
	GlobalSection(NestedProjects) = preSolution
		{61F538EC-853E-47F3-BFC5-42F3D984AFBA} = {2A395FA6-D539-4E00-B179-82C0101EAD2D}
		{234F89EB-D352-4D7C-962A-8371199E7459} = {2A395FA6-D539-4E00-B179-82C0101EAD2D}
		{74C87932-9BA1-4A74-A410-9AF6B4F6A0AD} = {F64EF592-AB79-4207-872A-AEEBE95E0E9C}
		{5A1A70D1-2319-43C0-A277-D34289034E40} = {2A395FA6-D539-4E00-B179-82C0101EAD2D}
	EndGlobalSection
EndGlobal
